// !$*UTF8*$!
{
	archiveVersion = 1;
	classes = {
	};
	objectVersion = 50;
	objects = {

/* Begin PBXBuildFile section */
		994FE927249B0C5D00D78E9E /* AppDelegate.swift in Sources */ = {isa = PBXBuildFile; fileRef = 994FE926249B0C5D00D78E9E /* AppDelegate.swift */; };
		994FE929249B0C5D00D78E9E /* SceneDelegate.swift in Sources */ = {isa = PBXBuildFile; fileRef = 994FE928249B0C5D00D78E9E /* SceneDelegate.swift */; };
		994FE92B249B0C5D00D78E9E /* ViewController.swift in Sources */ = {isa = PBXBuildFile; fileRef = 994FE92A249B0C5D00D78E9E /* ViewController.swift */; };
		994FE92E249B0C5D00D78E9E /* Main.storyboard in Resources */ = {isa = PBXBuildFile; fileRef = 994FE92C249B0C5D00D78E9E /* Main.storyboard */; };
		994FE930249B0C5F00D78E9E /* Assets.xcassets in Resources */ = {isa = PBXBuildFile; fileRef = 994FE92F249B0C5F00D78E9E /* Assets.xcassets */; };
		994FE933249B0C5F00D78E9E /* LaunchScreen.storyboard in Resources */ = {isa = PBXBuildFile; fileRef = 994FE931249B0C5F00D78E9E /* LaunchScreen.storyboard */; };
/* End PBXBuildFile section */

/* Begin PBXFileReference section */
		994FE923249B0C5D00D78E9E /* Chapte 1 - Light.app */ = {isa = PBXFileReference; explicitFileType = wrapper.application; includeInIndex = 0; path = "Chapte 1 - Light.app"; sourceTree = BUILT_PRODUCTS_DIR; };
		994FE926249B0C5D00D78E9E /* AppDelegate.swift */ = {isa = PBXFileReference; lastKnownFileType = sourcecode.swift; path = AppDelegate.swift; sourceTree = "<group>"; };
		994FE928249B0C5D00D78E9E /* SceneDelegate.swift */ = {isa = PBXFileReference; lastKnownFileType = sourcecode.swift; path = SceneDelegate.swift; sourceTree = "<group>"; };
		994FE92A249B0C5D00D78E9E /* ViewController.swift */ = {isa = PBXFileReference; lastKnownFileType = sourcecode.swift; path = ViewController.swift; sourceTree = "<group>"; };
		994FE92D249B0C5D00D78E9E /* Base */ = {isa = PBXFileReference; lastKnownFileType = file.storyboard; name = Base; path = Base.lproj/Main.storyboard; sourceTree = "<group>"; };
		994FE92F249B0C5F00D78E9E /* Assets.xcassets */ = {isa = PBXFileReference; lastKnownFileType = folder.assetcatalog; path = Assets.xcassets; sourceTree = "<group>"; };
		994FE932249B0C5F00D78E9E /* Base */ = {isa = PBXFileReference; lastKnownFileType = file.storyboard; name = Base; path = Base.lproj/LaunchScreen.storyboard; sourceTree = "<group>"; };
		994FE934249B0C5F00D78E9E /* Info.plist */ = {isa = PBXFileReference; lastKnownFileType = text.plist.xml; path = Info.plist; sourceTree = "<group>"; };
/* End PBXFileReference section */

/* Begin PBXFrameworksBuildPhase section */
		994FE920249B0C5D00D78E9E /* Frameworks */ = {
			isa = PBXFrameworksBuildPhase;
			buildActionMask = 2147483647;
			files = (
			);
			runOnlyForDeploymentPostprocessing = 0;
		};
/* End PBXFrameworksBuildPhase section */

/* Begin PBXGroup section */
		994FE91A249B0C5D00D78E9E = {
			isa = PBXGroup;
			children = (
				994FE925249B0C5D00D78E9E /* Chapte 1 - Light */,
				994FE924249B0C5D00D78E9E /* Products */,
			);
			sourceTree = "<group>";
		};
		994FE924249B0C5D00D78E9E /* Products */ = {
			isa = PBXGroup;
			children = (
				994FE923249B0C5D00D78E9E /* Chapte 1 - Light.app */,
			);
			name = Products;
			sourceTree = "<group>";
		};
		994FE925249B0C5D00D78E9E /* Chapte 1 - Light */ = {
			isa = PBXGroup;
			children = (
				994FE926249B0C5D00D78E9E /* AppDelegate.swift */,
				994FE928249B0C5D00D78E9E /* SceneDelegate.swift */,
				994FE92A249B0C5D00D78E9E /* ViewController.swift */,
				994FE92C249B0C5D00D78E9E /* Main.storyboard */,
				994FE92F249B0C5F00D78E9E /* Assets.xcassets */,
				994FE931249B0C5F00D78E9E /* LaunchScreen.storyboard */,
				994FE934249B0C5F00D78E9E /* Info.plist */,
			);
			path = "Chapte 1 - Light";
			sourceTree = "<group>";
		};
/* End PBXGroup section */

/* Begin PBXNativeTarget section */
		994FE922249B0C5D00D78E9E /* Chapte 1 - Light */ = {
			isa = PBXNativeTarget;
			buildConfigurationList = 994FE937249B0C5F00D78E9E /* Build configuration list for PBXNativeTarget "Chapte 1 - Light" */;
			buildPhases = (
				994FE91F249B0C5D00D78E9E /* Sources */,
				994FE920249B0C5D00D78E9E /* Frameworks */,
				994FE921249B0C5D00D78E9E /* Resources */,
			);
			buildRules = (
			);
			dependencies = (
			);
			name = "Chapte 1 - Light";
			productName = "Chapte 1 - Light";
			productReference = 994FE923249B0C5D00D78E9E /* Chapte 1 - Light.app */;
			productType = "com.apple.product-type.application";
		};
/* End PBXNativeTarget section */

/* Begin PBXProject section */
		994FE91B249B0C5D00D78E9E /* Project object */ = {
			isa = PBXProject;
			attributes = {
				LastSwiftUpdateCheck = 1150;
				LastUpgradeCheck = 1150;
				ORGANIZATIONNAME = "Deon Adams";
				TargetAttributes = {
					994FE922249B0C5D00D78E9E = {
						CreatedOnToolsVersion = 11.5;
					};
				};
			};
			buildConfigurationList = 994FE91E249B0C5D00D78E9E /* Build configuration list for PBXProject "Chapte 1 - Light" */;
			compatibilityVersion = "Xcode 9.3";
			developmentRegion = en;
			hasScannedForEncodings = 0;
			knownRegions = (
				en,
				Base,
			);
			mainGroup = 994FE91A249B0C5D00D78E9E;
			productRefGroup = 994FE924249B0C5D00D78E9E /* Products */;
			projectDirPath = "";
			projectRoot = "";
			targets = (
				994FE922249B0C5D00D78E9E /* Chapte 1 - Light */,
			);
		};
/* End PBXProject section */

/* Begin PBXResourcesBuildPhase section */
		994FE921249B0C5D00D78E9E /* Resources */ = {
			isa = PBXResourcesBuildPhase;
			buildActionMask = 2147483647;
			files = (
				994FE933249B0C5F00D78E9E /* LaunchScreen.storyboard in Resources */,
				994FE930249B0C5F00D78E9E /* Assets.xcassets in Resources */,
				994FE92E249B0C5D00D78E9E /* Main.storyboard in Resources */,
			);
			runOnlyForDeploymentPostprocessing = 0;
		};
/* End PBXResourcesBuildPhase section */

/* Begin PBXSourcesBuildPhase section */
		994FE91F249B0C5D00D78E9E /* Sources */ = {
			isa = PBXSourcesBuildPhase;
			buildActionMask = 2147483647;
			files = (
				994FE92B249B0C5D00D78E9E /* ViewController.swift in Sources */,
				994FE927249B0C5D00D78E9E /* AppDelegate.swift in Sources */,
				994FE929249B0C5D00D78E9E /* SceneDelegate.swift in Sources */,
			);
			runOnlyForDeploymentPostprocessing = 0;
		};
/* End PBXSourcesBuildPhase section */

/* Begin PBXVariantGroup section */
		994FE92C249B0C5D00D78E9E /* Main.storyboard */ = {
			isa = PBXVariantGroup;
			children = (
				994FE92D249B0C5D00D78E9E /* Base */,
			);
			name = Main.storyboard;
			sourceTree = "<group>";
		};
		994FE931249B0C5F00D78E9E /* LaunchScreen.storyboard */ = {
			isa = PBXVariantGroup;
			children = (
				994FE932249B0C5F00D78E9E /* Base */,
			);
			name = LaunchScreen.storyboard;
			sourceTree = "<group>";
		};
/* End PBXVariantGroup section */

/* Begin XCBuildConfiguration section */
		994FE935249B0C5F00D78E9E /* Debug */ = {
			isa = XCBuildConfiguration;
			buildSettings = {
				ALWAYS_SEARCH_USER_PATHS = NO;
				CLANG_ANALYZER_NONNULL = YES;
				CLANG_ANALYZER_NUMBER_OBJECT_CONVERSION = YES_AGGRESSIVE;
				CLANG_CXX_LANGUAGE_STANDARD = "gnu++14";
				CLANG_CXX_LIBRARY = "libc++";
				CLANG_ENABLE_MODULES = YES;
				CLANG_ENABLE_OBJC_ARC = YES;
				CLANG_ENABLE_OBJC_WEAK = YES;
				CLANG_WARN_BLOCK_CAPTURE_AUTORELEASING = YES;
				CLANG_WARN_BOOL_CONVERSION = YES;
				CLANG_WARN_COMMA = YES;
				CLANG_WARN_CONSTANT_CONVERSION = YES;
				CLANG_WARN_DEPRECATED_OBJC_IMPLEMENTATIONS = YES;
				CLANG_WARN_DIRECT_OBJC_ISA_USAGE = YES_ERROR;
				CLANG_WARN_DOCUMENTATION_COMMENTS = YES;
				CLANG_WARN_EMPTY_BODY = YES;
				CLANG_WARN_ENUM_CONVERSION = YES;
				CLANG_WARN_INFINITE_RECURSION = YES;
				CLANG_WARN_INT_CONVERSION = YES;
				CLANG_WARN_NON_LITERAL_NULL_CONVERSION = YES;
				CLANG_WARN_OBJC_IMPLICIT_RETAIN_SELF = YES;
				CLANG_WARN_OBJC_LITERAL_CONVERSION = YES;
				CLANG_WARN_OBJC_ROOT_CLASS = YES_ERROR;
				CLANG_WARN_RANGE_LOOP_ANALYSIS = YES;
				CLANG_WARN_STRICT_PROTOTYPES = YES;
				CLANG_WARN_SUSPICIOUS_MOVE = YES;
				CLANG_WARN_UNGUARDED_AVAILABILITY = YES_AGGRESSIVE;
				CLANG_WARN_UNREACHABLE_CODE = YES;
				CLANG_WARN__DUPLICATE_METHOD_MATCH = YES;
				COPY_PHASE_STRIP = NO;
				DEBUG_INFORMATION_FORMAT = dwarf;
				ENABLE_STRICT_OBJC_MSGSEND = YES;
				ENABLE_TESTABILITY = YES;
				GCC_C_LANGUAGE_STANDARD = gnu11;
				GCC_DYNAMIC_NO_PIC = NO;
				GCC_NO_COMMON_BLOCKS = YES;
				GCC_OPTIMIZATION_LEVEL = 0;
				GCC_PREPROCESSOR_DEFINITIONS = (
					"DEBUG=1",
					"$(inherited)",
				);
				GCC_WARN_64_TO_32_BIT_CONVERSION = YES;
				GCC_WARN_ABOUT_RETURN_TYPE = YES_ERROR;
				GCC_WARN_UNDECLARED_SELECTOR = YES;
				GCC_WARN_UNINITIALIZED_AUTOS = YES_AGGRESSIVE;
				GCC_WARN_UNUSED_FUNCTION = YES;
				GCC_WARN_UNUSED_VARIABLE = YES;
				IPHONEOS_DEPLOYMENT_TARGET = 13.5;
				MTL_ENABLE_DEBUG_INFO = INCLUDE_SOURCE;
				MTL_FAST_MATH = YES;
				ONLY_ACTIVE_ARCH = YES;
				SDKROOT = iphoneos;
				SWIFT_ACTIVE_COMPILATION_CONDITIONS = DEBUG;
				SWIFT_OPTIMIZATION_LEVEL = "-Onone";
			};
			name = Debug;
		};
		994FE936249B0C5F00D78E9E /* Release */ = {
			isa = XCBuildConfiguration;
			buildSettings = {
				ALWAYS_SEARCH_USER_PATHS = NO;
				CLANG_ANALYZER_NONNULL = YES;
				CLANG_ANALYZER_NUMBER_OBJECT_CONVERSION = YES_AGGRESSIVE;
				CLANG_CXX_LANGUAGE_STANDARD = "gnu++14";
				CLANG_CXX_LIBRARY = "libc++";
				CLANG_ENABLE_MODULES = YES;
				CLANG_ENABLE_OBJC_ARC = YES;
				CLANG_ENABLE_OBJC_WEAK = YES;
				CLANG_WARN_BLOCK_CAPTURE_AUTORELEASING = YES;
				CLANG_WARN_BOOL_CONVERSION = YES;
				CLANG_WARN_COMMA = YES;
				CLANG_WARN_CONSTANT_CONVERSION = YES;
				CLANG_WARN_DEPRECATED_OBJC_IMPLEMENTATIONS = YES;
				CLANG_WARN_DIRECT_OBJC_ISA_USAGE = YES_ERROR;
				CLANG_WARN_DOCUMENTATION_COMMENTS = YES;
				CLANG_WARN_EMPTY_BODY = YES;
				CLANG_WARN_ENUM_CONVERSION = YES;
				CLANG_WARN_INFINITE_RECURSION = YES;
				CLANG_WARN_INT_CONVERSION = YES;
				CLANG_WARN_NON_LITERAL_NULL_CONVERSION = YES;
				CLANG_WARN_OBJC_IMPLICIT_RETAIN_SELF = YES;
				CLANG_WARN_OBJC_LITERAL_CONVERSION = YES;
				CLANG_WARN_OBJC_ROOT_CLASS = YES_ERROR;
				CLANG_WARN_RANGE_LOOP_ANALYSIS = YES;
				CLANG_WARN_STRICT_PROTOTYPES = YES;
				CLANG_WARN_SUSPICIOUS_MOVE = YES;
				CLANG_WARN_UNGUARDED_AVAILABILITY = YES_AGGRESSIVE;
				CLANG_WARN_UNREACHABLE_CODE = YES;
				CLANG_WARN__DUPLICATE_METHOD_MATCH = YES;
				COPY_PHASE_STRIP = NO;
				DEBUG_INFORMATION_FORMAT = "dwarf-with-dsym";
				ENABLE_NS_ASSERTIONS = NO;
				ENABLE_STRICT_OBJC_MSGSEND = YES;
				GCC_C_LANGUAGE_STANDARD = gnu11;
				GCC_NO_COMMON_BLOCKS = YES;
				GCC_WARN_64_TO_32_BIT_CONVERSION = YES;
				GCC_WARN_ABOUT_RETURN_TYPE = YES_ERROR;
				GCC_WARN_UNDECLARED_SELECTOR = YES;
				GCC_WARN_UNINITIALIZED_AUTOS = YES_AGGRESSIVE;
				GCC_WARN_UNUSED_FUNCTION = YES;
				GCC_WARN_UNUSED_VARIABLE = YES;
				IPHONEOS_DEPLOYMENT_TARGET = 13.5;
				MTL_ENABLE_DEBUG_INFO = NO;
				MTL_FAST_MATH = YES;
				SDKROOT = iphoneos;
				SWIFT_COMPILATION_MODE = wholemodule;
				SWIFT_OPTIMIZATION_LEVEL = "-O";
				VALIDATE_PRODUCT = YES;
			};
			name = Release;
		};
		994FE938249B0C5F00D78E9E /* Debug */ = {
			isa = XCBuildConfiguration;
			buildSettings = {
				ASSETCATALOG_COMPILER_APPICON_NAME = AppIcon;
				CODE_SIGN_STYLE = Automatic;
				INFOPLIST_FILE = "Chapte 1 - Light/Info.plist";
				LD_RUNPATH_SEARCH_PATHS = (
					"$(inherited)",
					"@executable_path/Frameworks",
				);
				PRODUCT_BUNDLE_IDENTIFIER = "com.deon-adams-apps.Chapte-1---Light";
				PRODUCT_NAME = "$(TARGET_NAME)";
				SWIFT_VERSION = 5.0;
				TARGETED_DEVICE_FAMILY = "1,2";
			};
			name = Debug;
		};
		994FE939249B0C5F00D78E9E /* Release */ = {
			isa = XCBuildConfiguration;
			buildSettings = {
				ASSETCATALOG_COMPILER_APPICON_NAME = AppIcon;
				CODE_SIGN_STYLE = Automatic;
				INFOPLIST_FILE = "Chapte 1 - Light/Info.plist";
				LD_RUNPATH_SEARCH_PATHS = (
					"$(inherited)",
					"@executable_path/Frameworks",
				);
				PRODUCT_BUNDLE_IDENTIFIER = "com.deon-adams-apps.Chapte-1---Light";
				PRODUCT_NAME = "$(TARGET_NAME)";
				SWIFT_VERSION = 5.0;
				TARGETED_DEVICE_FAMILY = "1,2";
			};
			name = Release;
		};
/* End XCBuildConfiguration section */

/* Begin XCConfigurationList section */
		994FE91E249B0C5D00D78E9E /* Build configuration list for PBXProject "Chapte 1 - Light" */ = {
			isa = XCConfigurationList;
			buildConfigurations = (
				994FE935249B0C5F00D78E9E /* Debug */,
				994FE936249B0C5F00D78E9E /* Release */,
			);
			defaultConfigurationIsVisible = 0;
			defaultConfigurationName = Release;
		};
		994FE937249B0C5F00D78E9E /* Build configuration list for PBXNativeTarget "Chapte 1 - Light" */ = {
			isa = XCConfigurationList;
			buildConfigurations = (
				994FE938249B0C5F00D78E9E /* Debug */,
				994FE939249B0C5F00D78E9E /* Release */,
			);
			defaultConfigurationIsVisible = 0;
			defaultConfigurationName = Release;
		};
/* End XCConfigurationList section */
	};
	rootObject = 994FE91B249B0C5D00D78E9E /* Project object */;
}
